// !$*UTF8*$!
{
	archiveVersion = 1;
	classes = {
	};
	objectVersion = 55;
	objects = {

/* Begin PBXBuildFile section */
		2A3790A327FBA043005BA933 /* AppDelegate.swift in Sources */ = {isa = PBXBuildFile; fileRef = 2A3790A227FBA043005BA933 /* AppDelegate.swift */; };
		2A3790A527FBA043005BA933 /* SceneDelegate.swift in Sources */ = {isa = PBXBuildFile; fileRef = 2A3790A427FBA043005BA933 /* SceneDelegate.swift */; };
		2A3790A727FBA043005BA933 /* HomeViewController.swift in Sources */ = {isa = PBXBuildFile; fileRef = 2A3790A627FBA043005BA933 /* HomeViewController.swift */; };
		2A3790AC27FBA044005BA933 /* Assets.xcassets in Resources */ = {isa = PBXBuildFile; fileRef = 2A3790AB27FBA044005BA933 /* Assets.xcassets */; };
		2A3790AF27FBA044005BA933 /* LaunchScreen.storyboard in Resources */ = {isa = PBXBuildFile; fileRef = 2A3790AD27FBA044005BA933 /* LaunchScreen.storyboard */; };
		2A3790B927FBA0E8005BA933 /* Coordinator.swift in Sources */ = {isa = PBXBuildFile; fileRef = 2A3790B827FBA0E8005BA933 /* Coordinator.swift */; };
		2A3790BB27FBA1AA005BA933 /* AppCoordinator.swift in Sources */ = {isa = PBXBuildFile; fileRef = 2A3790BA27FBA1AA005BA933 /* AppCoordinator.swift */; };
		2A3790BF27FBA36F005BA933 /* HomeCoordinator.swift in Sources */ = {isa = PBXBuildFile; fileRef = 2A3790BE27FBA36F005BA933 /* HomeCoordinator.swift */; };
		2A3790C327FBA6CA005BA933 /* HomeViewModel.swift in Sources */ = {isa = PBXBuildFile; fileRef = 2A3790C227FBA6CA005BA933 /* HomeViewModel.swift */; };
		2A3790C627FBAA47005BA933 /* DetailsViewController.swift in Sources */ = {isa = PBXBuildFile; fileRef = 2A3790C527FBAA47005BA933 /* DetailsViewController.swift */; };
		2A3790C927FBAA74005BA933 /* DetailsViewModel.swift in Sources */ = {isa = PBXBuildFile; fileRef = 2A3790C827FBAA74005BA933 /* DetailsViewModel.swift */; };
		2A3790CB27FBAAD1005BA933 /* DetailsCoordinator.swift in Sources */ = {isa = PBXBuildFile; fileRef = 2A3790CA27FBAAD1005BA933 /* DetailsCoordinator.swift */; };
/* End PBXBuildFile section */

/* Begin PBXFileReference section */
		2A37909F27FBA043005BA933 /* CoordinatorApp.app */ = {isa = PBXFileReference; explicitFileType = wrapper.application; includeInIndex = 0; path = CoordinatorApp.app; sourceTree = BUILT_PRODUCTS_DIR; };
		2A3790A227FBA043005BA933 /* AppDelegate.swift */ = {isa = PBXFileReference; lastKnownFileType = sourcecode.swift; path = AppDelegate.swift; sourceTree = "<group>"; };
		2A3790A427FBA043005BA933 /* SceneDelegate.swift */ = {isa = PBXFileReference; lastKnownFileType = sourcecode.swift; path = SceneDelegate.swift; sourceTree = "<group>"; };
		2A3790A627FBA043005BA933 /* HomeViewController.swift */ = {isa = PBXFileReference; lastKnownFileType = sourcecode.swift; path = HomeViewController.swift; sourceTree = "<group>"; };
		2A3790AB27FBA044005BA933 /* Assets.xcassets */ = {isa = PBXFileReference; lastKnownFileType = folder.assetcatalog; path = Assets.xcassets; sourceTree = "<group>"; };
		2A3790AE27FBA044005BA933 /* Base */ = {isa = PBXFileReference; lastKnownFileType = file.storyboard; name = Base; path = Base.lproj/LaunchScreen.storyboard; sourceTree = "<group>"; };
		2A3790B027FBA044005BA933 /* Info.plist */ = {isa = PBXFileReference; lastKnownFileType = text.plist.xml; path = Info.plist; sourceTree = "<group>"; };
		2A3790B827FBA0E8005BA933 /* Coordinator.swift */ = {isa = PBXFileReference; lastKnownFileType = sourcecode.swift; path = Coordinator.swift; sourceTree = "<group>"; };
		2A3790BA27FBA1AA005BA933 /* AppCoordinator.swift */ = {isa = PBXFileReference; lastKnownFileType = sourcecode.swift; path = AppCoordinator.swift; sourceTree = "<group>"; };
		2A3790BE27FBA36F005BA933 /* HomeCoordinator.swift */ = {isa = PBXFileReference; lastKnownFileType = sourcecode.swift; path = HomeCoordinator.swift; sourceTree = "<group>"; };
		2A3790C227FBA6CA005BA933 /* HomeViewModel.swift */ = {isa = PBXFileReference; lastKnownFileType = sourcecode.swift; path = HomeViewModel.swift; sourceTree = "<group>"; };
		2A3790C527FBAA47005BA933 /* DetailsViewController.swift */ = {isa = PBXFileReference; lastKnownFileType = sourcecode.swift; path = DetailsViewController.swift; sourceTree = "<group>"; };
		2A3790C827FBAA74005BA933 /* DetailsViewModel.swift */ = {isa = PBXFileReference; lastKnownFileType = sourcecode.swift; path = DetailsViewModel.swift; sourceTree = "<group>"; };
		2A3790CA27FBAAD1005BA933 /* DetailsCoordinator.swift */ = {isa = PBXFileReference; lastKnownFileType = sourcecode.swift; path = DetailsCoordinator.swift; sourceTree = "<group>"; };
/* End PBXFileReference section */

/* Begin PBXFrameworksBuildPhase section */
		2A37909C27FBA043005BA933 /* Frameworks */ = {
			isa = PBXFrameworksBuildPhase;
			buildActionMask = 2147483647;
			files = (
			);
			runOnlyForDeploymentPostprocessing = 0;
		};
/* End PBXFrameworksBuildPhase section */

/* Begin PBXGroup section */
		2A37909627FBA043005BA933 = {
			isa = PBXGroup;
			children = (
				2A3790A127FBA043005BA933 /* CoordinatorApp */,
				2A3790A027FBA043005BA933 /* Products */,
			);
			sourceTree = "<group>";
		};
		2A3790A027FBA043005BA933 /* Products */ = {
			isa = PBXGroup;
			children = (
				2A37909F27FBA043005BA933 /* CoordinatorApp.app */,
			);
			name = Products;
			sourceTree = "<group>";
		};
		2A3790A127FBA043005BA933 /* CoordinatorApp */ = {
			isa = PBXGroup;
			children = (
				2A3790C027FBA6B5005BA933 /* ViewModel */,
				2A3790BC27FBA337005BA933 /* Scenes */,
				2A3790B727FBA0D1005BA933 /* Coordinator */,
				2A3790B627FBA067005BA933 /* Controllers */,
				2A3790A227FBA043005BA933 /* AppDelegate.swift */,
				2A3790A427FBA043005BA933 /* SceneDelegate.swift */,
				2A3790AB27FBA044005BA933 /* Assets.xcassets */,
				2A3790AD27FBA044005BA933 /* LaunchScreen.storyboard */,
				2A3790B027FBA044005BA933 /* Info.plist */,
			);
			path = CoordinatorApp;
			sourceTree = "<group>";
		};
		2A3790B627FBA067005BA933 /* Controllers */ = {
			isa = PBXGroup;
			children = (
			);
			path = Controllers;
			sourceTree = "<group>";
		};
		2A3790B727FBA0D1005BA933 /* Coordinator */ = {
			isa = PBXGroup;
			children = (
				2A3790B827FBA0E8005BA933 /* Coordinator.swift */,
				2A3790BA27FBA1AA005BA933 /* AppCoordinator.swift */,
			);
			path = Coordinator;
			sourceTree = "<group>";
		};
		2A3790BC27FBA337005BA933 /* Scenes */ = {
			isa = PBXGroup;
			children = (
				2A3790C427FBAA2E005BA933 /* Details */,
				2A3790BD27FBA33D005BA933 /* Home */,
			);
			path = Scenes;
			sourceTree = "<group>";
		};
		2A3790BD27FBA33D005BA933 /* Home */ = {
			isa = PBXGroup;
			children = (
				2A3790A627FBA043005BA933 /* HomeViewController.swift */,
				2A3790BE27FBA36F005BA933 /* HomeCoordinator.swift */,
			);
			path = Home;
			sourceTree = "<group>";
		};
		2A3790C027FBA6B5005BA933 /* ViewModel */ = {
			isa = PBXGroup;
			children = (
				2A3790C727FBAA5D005BA933 /* Details */,
				2A3790C127FBA6BC005BA933 /* Home */,
			);
			path = ViewModel;
			sourceTree = "<group>";
		};
		2A3790C127FBA6BC005BA933 /* Home */ = {
			isa = PBXGroup;
			children = (
				2A3790C227FBA6CA005BA933 /* HomeViewModel.swift */,
			);
			path = Home;
			sourceTree = "<group>";
		};
		2A3790C427FBAA2E005BA933 /* Details */ = {
			isa = PBXGroup;
			children = (
				2A3790C527FBAA47005BA933 /* DetailsViewController.swift */,
				2A3790CA27FBAAD1005BA933 /* DetailsCoordinator.swift */,
			);
			path = Details;
			sourceTree = "<group>";
		};
		2A3790C727FBAA5D005BA933 /* Details */ = {
			isa = PBXGroup;
			children = (
				2A3790C827FBAA74005BA933 /* DetailsViewModel.swift */,
			);
			path = Details;
			sourceTree = "<group>";
		};
/* End PBXGroup section */

/* Begin PBXNativeTarget section */
		2A37909E27FBA043005BA933 /* CoordinatorApp */ = {
			isa = PBXNativeTarget;
			buildConfigurationList = 2A3790B327FBA044005BA933 /* Build configuration list for PBXNativeTarget "CoordinatorApp" */;
			buildPhases = (
				2A37909B27FBA043005BA933 /* Sources */,
				2A37909C27FBA043005BA933 /* Frameworks */,
				2A37909D27FBA043005BA933 /* Resources */,
			);
			buildRules = (
			);
			dependencies = (
			);
			name = CoordinatorApp;
			productName = CoordinatorApp;
			productReference = 2A37909F27FBA043005BA933 /* CoordinatorApp.app */;
			productType = "com.apple.product-type.application";
		};
/* End PBXNativeTarget section */

/* Begin PBXProject section */
		2A37909727FBA043005BA933 /* Project object */ = {
			isa = PBXProject;
			attributes = {
				BuildIndependentTargetsInParallel = 1;
				LastSwiftUpdateCheck = 1320;
				LastUpgradeCheck = 1320;
				TargetAttributes = {
					2A37909E27FBA043005BA933 = {
						CreatedOnToolsVersion = 13.2.1;
					};
				};
			};
			buildConfigurationList = 2A37909A27FBA043005BA933 /* Build configuration list for PBXProject "CoordinatorApp" */;
			compatibilityVersion = "Xcode 13.0";
			developmentRegion = en;
			hasScannedForEncodings = 0;
			knownRegions = (
				en,
				Base,
			);
			mainGroup = 2A37909627FBA043005BA933;
			productRefGroup = 2A3790A027FBA043005BA933 /* Products */;
			projectDirPath = "";
			projectRoot = "";
			targets = (
				2A37909E27FBA043005BA933 /* CoordinatorApp */,
			);
		};
/* End PBXProject section */

/* Begin PBXResourcesBuildPhase section */
		2A37909D27FBA043005BA933 /* Resources */ = {
			isa = PBXResourcesBuildPhase;
			buildActionMask = 2147483647;
			files = (
				2A3790AF27FBA044005BA933 /* LaunchScreen.storyboard in Resources */,
				2A3790AC27FBA044005BA933 /* Assets.xcassets in Resources */,
			);
			runOnlyForDeploymentPostprocessing = 0;
		};
/* End PBXResourcesBuildPhase section */

/* Begin PBXSourcesBuildPhase section */
		2A37909B27FBA043005BA933 /* Sources */ = {
			isa = PBXSourcesBuildPhase;
			buildActionMask = 2147483647;
			files = (
				2A3790B927FBA0E8005BA933 /* Coordinator.swift in Sources */,
				2A3790A727FBA043005BA933 /* HomeViewController.swift in Sources */,
				2A3790C327FBA6CA005BA933 /* HomeViewModel.swift in Sources */,
				2A3790C627FBAA47005BA933 /* DetailsViewController.swift in Sources */,
				2A3790BB27FBA1AA005BA933 /* AppCoordinator.swift in Sources */,
				2A3790A327FBA043005BA933 /* AppDelegate.swift in Sources */,
				2A3790A527FBA043005BA933 /* SceneDelegate.swift in Sources */,
				2A3790BF27FBA36F005BA933 /* HomeCoordinator.swift in Sources */,
				2A3790C927FBAA74005BA933 /* DetailsViewModel.swift in Sources */,
				2A3790CB27FBAAD1005BA933 /* DetailsCoordinator.swift in Sources */,
			);
			runOnlyForDeploymentPostprocessing = 0;
		};
/* End PBXSourcesBuildPhase section */

/* Begin PBXVariantGroup section */
		2A3790AD27FBA044005BA933 /* LaunchScreen.storyboard */ = {
			isa = PBXVariantGroup;
			children = (
				2A3790AE27FBA044005BA933 /* Base */,
			);
			name = LaunchScreen.storyboard;
			sourceTree = "<group>";
		};
/* End PBXVariantGroup section */

/* Begin XCBuildConfiguration section */
		2A3790B127FBA044005BA933 /* Debug */ = {
			isa = XCBuildConfiguration;
			buildSettings = {
				ALWAYS_SEARCH_USER_PATHS = NO;
				CLANG_ANALYZER_NONNULL = YES;
				CLANG_ANALYZER_NUMBER_OBJECT_CONVERSION = YES_AGGRESSIVE;
				CLANG_CXX_LANGUAGE_STANDARD = "gnu++17";
				CLANG_CXX_LIBRARY = "libc++";
				CLANG_ENABLE_MODULES = YES;
				CLANG_ENABLE_OBJC_ARC = YES;
				CLANG_ENABLE_OBJC_WEAK = YES;
				CLANG_WARN_BLOCK_CAPTURE_AUTORELEASING = YES;
				CLANG_WARN_BOOL_CONVERSION = YES;
				CLANG_WARN_COMMA = YES;
				CLANG_WARN_CONSTANT_CONVERSION = YES;
				CLANG_WARN_DEPRECATED_OBJC_IMPLEMENTATIONS = YES;
				CLANG_WARN_DIRECT_OBJC_ISA_USAGE = YES_ERROR;
				CLANG_WARN_DOCUMENTATION_COMMENTS = YES;
				CLANG_WARN_EMPTY_BODY = YES;
				CLANG_WARN_ENUM_CONVERSION = YES;
				CLANG_WARN_INFINITE_RECURSION = YES;
				CLANG_WARN_INT_CONVERSION = YES;
				CLANG_WARN_NON_LITERAL_NULL_CONVERSION = YES;
				CLANG_WARN_OBJC_IMPLICIT_RETAIN_SELF = YES;
				CLANG_WARN_OBJC_LITERAL_CONVERSION = YES;
				CLANG_WARN_OBJC_ROOT_CLASS = YES_ERROR;
				CLANG_WARN_QUOTED_INCLUDE_IN_FRAMEWORK_HEADER = YES;
				CLANG_WARN_RANGE_LOOP_ANALYSIS = YES;
				CLANG_WARN_STRICT_PROTOTYPES = YES;
				CLANG_WARN_SUSPICIOUS_MOVE = YES;
				CLANG_WARN_UNGUARDED_AVAILABILITY = YES_AGGRESSIVE;
				CLANG_WARN_UNREACHABLE_CODE = YES;
				CLANG_WARN__DUPLICATE_METHOD_MATCH = YES;
				COPY_PHASE_STRIP = NO;
				DEBUG_INFORMATION_FORMAT = dwarf;
				ENABLE_STRICT_OBJC_MSGSEND = YES;
				ENABLE_TESTABILITY = YES;
				GCC_C_LANGUAGE_STANDARD = gnu11;
				GCC_DYNAMIC_NO_PIC = NO;
				GCC_NO_COMMON_BLOCKS = YES;
				GCC_OPTIMIZATION_LEVEL = 0;
				GCC_PREPROCESSOR_DEFINITIONS = (
					"DEBUG=1",
					"$(inherited)",
				);
				GCC_WARN_64_TO_32_BIT_CONVERSION = YES;
				GCC_WARN_ABOUT_RETURN_TYPE = YES_ERROR;
				GCC_WARN_UNDECLARED_SELECTOR = YES;
				GCC_WARN_UNINITIALIZED_AUTOS = YES_AGGRESSIVE;
				GCC_WARN_UNUSED_FUNCTION = YES;
				GCC_WARN_UNUSED_VARIABLE = YES;
				IPHONEOS_DEPLOYMENT_TARGET = 15.2;
				MTL_ENABLE_DEBUG_INFO = INCLUDE_SOURCE;
				MTL_FAST_MATH = YES;
				ONLY_ACTIVE_ARCH = YES;
				SDKROOT = iphoneos;
				SWIFT_ACTIVE_COMPILATION_CONDITIONS = DEBUG;
				SWIFT_OPTIMIZATION_LEVEL = "-Onone";
			};
			name = Debug;
		};
		2A3790B227FBA044005BA933 /* Release */ = {
			isa = XCBuildConfiguration;
			buildSettings = {
				ALWAYS_SEARCH_USER_PATHS = NO;
				CLANG_ANALYZER_NONNULL = YES;
				CLANG_ANALYZER_NUMBER_OBJECT_CONVERSION = YES_AGGRESSIVE;
				CLANG_CXX_LANGUAGE_STANDARD = "gnu++17";
				CLANG_CXX_LIBRARY = "libc++";
				CLANG_ENABLE_MODULES = YES;
				CLANG_ENABLE_OBJC_ARC = YES;
				CLANG_ENABLE_OBJC_WEAK = YES;
				CLANG_WARN_BLOCK_CAPTURE_AUTORELEASING = YES;
				CLANG_WARN_BOOL_CONVERSION = YES;
				CLANG_WARN_COMMA = YES;
				CLANG_WARN_CONSTANT_CONVERSION = YES;
				CLANG_WARN_DEPRECATED_OBJC_IMPLEMENTATIONS = YES;
				CLANG_WARN_DIRECT_OBJC_ISA_USAGE = YES_ERROR;
				CLANG_WARN_DOCUMENTATION_COMMENTS = YES;
				CLANG_WARN_EMPTY_BODY = YES;
				CLANG_WARN_ENUM_CONVERSION = YES;
				CLANG_WARN_INFINITE_RECURSION = YES;
				CLANG_WARN_INT_CONVERSION = YES;
				CLANG_WARN_NON_LITERAL_NULL_CONVERSION = YES;
				CLANG_WARN_OBJC_IMPLICIT_RETAIN_SELF = YES;
				CLANG_WARN_OBJC_LITERAL_CONVERSION = YES;
				CLANG_WARN_OBJC_ROOT_CLASS = YES_ERROR;
				CLANG_WARN_QUOTED_INCLUDE_IN_FRAMEWORK_HEADER = YES;
				CLANG_WARN_RANGE_LOOP_ANALYSIS = YES;
				CLANG_WARN_STRICT_PROTOTYPES = YES;
				CLANG_WARN_SUSPICIOUS_MOVE = YES;
				CLANG_WARN_UNGUARDED_AVAILABILITY = YES_AGGRESSIVE;
				CLANG_WARN_UNREACHABLE_CODE = YES;
				CLANG_WARN__DUPLICATE_METHOD_MATCH = YES;
				COPY_PHASE_STRIP = NO;
				DEBUG_INFORMATION_FORMAT = "dwarf-with-dsym";
				ENABLE_NS_ASSERTIONS = NO;
				ENABLE_STRICT_OBJC_MSGSEND = YES;
				GCC_C_LANGUAGE_STANDARD = gnu11;
				GCC_NO_COMMON_BLOCKS = YES;
				GCC_WARN_64_TO_32_BIT_CONVERSION = YES;
				GCC_WARN_ABOUT_RETURN_TYPE = YES_ERROR;
				GCC_WARN_UNDECLARED_SELECTOR = YES;
				GCC_WARN_UNINITIALIZED_AUTOS = YES_AGGRESSIVE;
				GCC_WARN_UNUSED_FUNCTION = YES;
				GCC_WARN_UNUSED_VARIABLE = YES;
				IPHONEOS_DEPLOYMENT_TARGET = 15.2;
				MTL_ENABLE_DEBUG_INFO = NO;
				MTL_FAST_MATH = YES;
				SDKROOT = iphoneos;
				SWIFT_COMPILATION_MODE = wholemodule;
				SWIFT_OPTIMIZATION_LEVEL = "-O";
				VALIDATE_PRODUCT = YES;
			};
			name = Release;
		};
		2A3790B427FBA044005BA933 /* Debug */ = {
			isa = XCBuildConfiguration;
			buildSettings = {
				ASSETCATALOG_COMPILER_APPICON_NAME = AppIcon;
				ASSETCATALOG_COMPILER_GLOBAL_ACCENT_COLOR_NAME = AccentColor;
				CODE_SIGN_STYLE = Automatic;
				CURRENT_PROJECT_VERSION = 1;
				DEVELOPMENT_TEAM = 96P2N33SJC;
				GENERATE_INFOPLIST_FILE = YES;
				INFOPLIST_FILE = CoordinatorApp/Info.plist;
				INFOPLIST_KEY_UIApplicationSupportsIndirectInputEvents = YES;
				INFOPLIST_KEY_UILaunchStoryboardName = LaunchScreen;
				INFOPLIST_KEY_UISupportedInterfaceOrientations_iPad = "UIInterfaceOrientationPortrait UIInterfaceOrientationPortraitUpsideDown UIInterfaceOrientationLandscapeLeft UIInterfaceOrientationLandscapeRight";
				INFOPLIST_KEY_UISupportedInterfaceOrientations_iPhone = "UIInterfaceOrientationPortrait UIInterfaceOrientationLandscapeLeft UIInterfaceOrientationLandscapeRight";
				LD_RUNPATH_SEARCH_PATHS = (
					"$(inherited)",
					"@executable_path/Frameworks",
				);
				MARKETING_VERSION = 1.0;
				PRODUCT_BUNDLE_IDENTIFIER = com.miller.CoordinatorApp;
				PRODUCT_NAME = "$(TARGET_NAME)";
				SWIFT_EMIT_LOC_STRINGS = YES;
				SWIFT_VERSION = 5.0;
				TARGETED_DEVICE_FAMILY = 1;
			};
			name = Debug;
		};
		2A3790B527FBA044005BA933 /* Release */ = {
			isa = XCBuildConfiguration;
			buildSettings = {
				ASSETCATALOG_COMPILER_APPICON_NAME = AppIcon;
				ASSETCATALOG_COMPILER_GLOBAL_ACCENT_COLOR_NAME = AccentColor;
				CODE_SIGN_STYLE = Automatic;
				CURRENT_PROJECT_VERSION = 1;
				DEVELOPMENT_TEAM = 96P2N33SJC;
				GENERATE_INFOPLIST_FILE = YES;
				INFOPLIST_FILE = CoordinatorApp/Info.plist;
				INFOPLIST_KEY_UIApplicationSupportsIndirectInputEvents = YES;
				INFOPLIST_KEY_UILaunchStoryboardName = LaunchScreen;
				INFOPLIST_KEY_UISupportedInterfaceOrientations_iPad = "UIInterfaceOrientationPortrait UIInterfaceOrientationPortraitUpsideDown UIInterfaceOrientationLandscapeLeft UIInterfaceOrientationLandscapeRight";
				INFOPLIST_KEY_UISupportedInterfaceOrientations_iPhone = "UIInterfaceOrientationPortrait UIInterfaceOrientationLandscapeLeft UIInterfaceOrientationLandscapeRight";
				LD_RUNPATH_SEARCH_PATHS = (
					"$(inherited)",
					"@executable_path/Frameworks",
				);
				MARKETING_VERSION = 1.0;
				PRODUCT_BUNDLE_IDENTIFIER = com.miller.CoordinatorApp;
				PRODUCT_NAME = "$(TARGET_NAME)";
				SWIFT_EMIT_LOC_STRINGS = YES;
				SWIFT_VERSION = 5.0;
				TARGETED_DEVICE_FAMILY = 1;
			};
			name = Release;
		};
/* End XCBuildConfiguration section */

/* Begin XCConfigurationList section */
		2A37909A27FBA043005BA933 /* Build configuration list for PBXProject "CoordinatorApp" */ = {
			isa = XCConfigurationList;
			buildConfigurations = (
				2A3790B127FBA044005BA933 /* Debug */,
				2A3790B227FBA044005BA933 /* Release */,
			);
			defaultConfigurationIsVisible = 0;
			defaultConfigurationName = Release;
		};
		2A3790B327FBA044005BA933 /* Build configuration list for PBXNativeTarget "CoordinatorApp" */ = {
			isa = XCConfigurationList;
			buildConfigurations = (
				2A3790B427FBA044005BA933 /* Debug */,
				2A3790B527FBA044005BA933 /* Release */,
			);
			defaultConfigurationIsVisible = 0;
			defaultConfigurationName = Release;
		};
/* End XCConfigurationList section */
	};
	rootObject = 2A37909727FBA043005BA933 /* Project object */;
}
