// !$*UTF8*$!
{
	archiveVersion = 1;
	classes = {
	};
	objectVersion = 55;
	objects = {

/* Begin PBXBuildFile section */
		2ADBF84027EBF18A00859336 /* AppDelegate.swift in Sources */ = {isa = PBXBuildFile; fileRef = 2ADBF83F27EBF18A00859336 /* AppDelegate.swift */; };
		2ADBF84227EBF18A00859336 /* SceneDelegate.swift in Sources */ = {isa = PBXBuildFile; fileRef = 2ADBF84127EBF18A00859336 /* SceneDelegate.swift */; };
		2ADBF84427EBF18A00859336 /* ViewController.swift in Sources */ = {isa = PBXBuildFile; fileRef = 2ADBF84327EBF18A00859336 /* ViewController.swift */; };
		2ADBF84A27EBF18A00859336 /* login_screen_refactory.xcdatamodeld in Sources */ = {isa = PBXBuildFile; fileRef = 2ADBF84827EBF18A00859336 /* login_screen_refactory.xcdatamodeld */; };
		2ADBF84C27EBF18C00859336 /* Assets.xcassets in Resources */ = {isa = PBXBuildFile; fileRef = 2ADBF84B27EBF18C00859336 /* Assets.xcassets */; };
		2ADBF84F27EBF18C00859336 /* LaunchScreen.storyboard in Resources */ = {isa = PBXBuildFile; fileRef = 2ADBF84D27EBF18C00859336 /* LaunchScreen.storyboard */; };
		2ADBF85927EBF1BF00859336 /* Metrics.swift in Sources */ = {isa = PBXBuildFile; fileRef = 2ADBF85827EBF1BF00859336 /* Metrics.swift */; };
		2ADBF85B27EBF1E100859336 /* Colors.swift in Sources */ = {isa = PBXBuildFile; fileRef = 2ADBF85A27EBF1E100859336 /* Colors.swift */; };
		2ADBF85D27EBF3E100859336 /* Main.storyboard in Resources */ = {isa = PBXBuildFile; fileRef = 2ADBF85C27EBF3E100859336 /* Main.storyboard */; };
		2ADBF85F27EBF50F00859336 /* UIView+AddSubviews.swift in Sources */ = {isa = PBXBuildFile; fileRef = 2ADBF85E27EBF50F00859336 /* UIView+AddSubviews.swift */; };
/* End PBXBuildFile section */

/* Begin PBXFileReference section */
		2ADBF83C27EBF18A00859336 /* login_screen_refactory.app */ = {isa = PBXFileReference; explicitFileType = wrapper.application; includeInIndex = 0; path = login_screen_refactory.app; sourceTree = BUILT_PRODUCTS_DIR; };
		2ADBF83F27EBF18A00859336 /* AppDelegate.swift */ = {isa = PBXFileReference; lastKnownFileType = sourcecode.swift; path = AppDelegate.swift; sourceTree = "<group>"; };
		2ADBF84127EBF18A00859336 /* SceneDelegate.swift */ = {isa = PBXFileReference; lastKnownFileType = sourcecode.swift; path = SceneDelegate.swift; sourceTree = "<group>"; };
		2ADBF84327EBF18A00859336 /* ViewController.swift */ = {isa = PBXFileReference; lastKnownFileType = sourcecode.swift; path = ViewController.swift; sourceTree = "<group>"; };
		2ADBF84927EBF18A00859336 /* login_screen_refactory.xcdatamodel */ = {isa = PBXFileReference; lastKnownFileType = wrapper.xcdatamodel; path = login_screen_refactory.xcdatamodel; sourceTree = "<group>"; };
		2ADBF84B27EBF18C00859336 /* Assets.xcassets */ = {isa = PBXFileReference; lastKnownFileType = folder.assetcatalog; path = Assets.xcassets; sourceTree = "<group>"; };
		2ADBF84E27EBF18C00859336 /* Base */ = {isa = PBXFileReference; lastKnownFileType = file.storyboard; name = Base; path = Base.lproj/LaunchScreen.storyboard; sourceTree = "<group>"; };
		2ADBF85027EBF18C00859336 /* Info.plist */ = {isa = PBXFileReference; lastKnownFileType = text.plist.xml; path = Info.plist; sourceTree = "<group>"; };
		2ADBF85827EBF1BF00859336 /* Metrics.swift */ = {isa = PBXFileReference; lastKnownFileType = sourcecode.swift; path = Metrics.swift; sourceTree = "<group>"; };
		2ADBF85A27EBF1E100859336 /* Colors.swift */ = {isa = PBXFileReference; lastKnownFileType = sourcecode.swift; path = Colors.swift; sourceTree = "<group>"; };
		2ADBF85C27EBF3E100859336 /* Main.storyboard */ = {isa = PBXFileReference; lastKnownFileType = file.storyboard; path = Main.storyboard; sourceTree = "<group>"; };
		2ADBF85E27EBF50F00859336 /* UIView+AddSubviews.swift */ = {isa = PBXFileReference; lastKnownFileType = sourcecode.swift; path = "UIView+AddSubviews.swift"; sourceTree = "<group>"; };
/* End PBXFileReference section */

/* Begin PBXFrameworksBuildPhase section */
		2ADBF83927EBF18A00859336 /* Frameworks */ = {
			isa = PBXFrameworksBuildPhase;
			buildActionMask = 2147483647;
			files = (
			);
			runOnlyForDeploymentPostprocessing = 0;
		};
/* End PBXFrameworksBuildPhase section */

/* Begin PBXGroup section */
		2ADBF83327EBF18A00859336 = {
			isa = PBXGroup;
			children = (
				2ADBF83E27EBF18A00859336 /* login_screen_refactory */,
				2ADBF83D27EBF18A00859336 /* Products */,
			);
			sourceTree = "<group>";
		};
		2ADBF83D27EBF18A00859336 /* Products */ = {
			isa = PBXGroup;
			children = (
				2ADBF83C27EBF18A00859336 /* login_screen_refactory.app */,
			);
			name = Products;
			sourceTree = "<group>";
		};
		2ADBF83E27EBF18A00859336 /* login_screen_refactory */ = {
			isa = PBXGroup;
			children = (
				2ADBF85627EBF19900859336 /* DesignerSystem */,
				2ADBF83F27EBF18A00859336 /* AppDelegate.swift */,
				2ADBF84127EBF18A00859336 /* SceneDelegate.swift */,
				2ADBF84327EBF18A00859336 /* ViewController.swift */,
				2ADBF84B27EBF18C00859336 /* Assets.xcassets */,
				2ADBF84D27EBF18C00859336 /* LaunchScreen.storyboard */,
				2ADBF85027EBF18C00859336 /* Info.plist */,
				2ADBF84827EBF18A00859336 /* login_screen_refactory.xcdatamodeld */,
				2ADBF85C27EBF3E100859336 /* Main.storyboard */,
				2ADBF85E27EBF50F00859336 /* UIView+AddSubviews.swift */,
			);
			path = login_screen_refactory;
			sourceTree = "<group>";
		};
		2ADBF85627EBF19900859336 /* DesignerSystem */ = {
			isa = PBXGroup;
			children = (
				2ADBF85827EBF1BF00859336 /* Metrics.swift */,
				2ADBF85A27EBF1E100859336 /* Colors.swift */,
			);
			path = DesignerSystem;
			sourceTree = "<group>";
		};
/* End PBXGroup section */

/* Begin PBXNativeTarget section */
		2ADBF83B27EBF18A00859336 /* login_screen_refactory */ = {
			isa = PBXNativeTarget;
			buildConfigurationList = 2ADBF85327EBF18C00859336 /* Build configuration list for PBXNativeTarget "login_screen_refactory" */;
			buildPhases = (
				2ADBF83827EBF18A00859336 /* Sources */,
				2ADBF83927EBF18A00859336 /* Frameworks */,
				2ADBF83A27EBF18A00859336 /* Resources */,
			);
			buildRules = (
			);
			dependencies = (
			);
			name = login_screen_refactory;
			productName = login_screen_refactory;
			productReference = 2ADBF83C27EBF18A00859336 /* login_screen_refactory.app */;
			productType = "com.apple.product-type.application";
		};
/* End PBXNativeTarget section */

/* Begin PBXProject section */
		2ADBF83427EBF18A00859336 /* Project object */ = {
			isa = PBXProject;
			attributes = {
				BuildIndependentTargetsInParallel = 1;
				LastSwiftUpdateCheck = 1320;
				LastUpgradeCheck = 1320;
				TargetAttributes = {
					2ADBF83B27EBF18A00859336 = {
						CreatedOnToolsVersion = 13.2.1;
					};
				};
			};
			buildConfigurationList = 2ADBF83727EBF18A00859336 /* Build configuration list for PBXProject "login_screen_refactory" */;
			compatibilityVersion = "Xcode 13.0";
			developmentRegion = en;
			hasScannedForEncodings = 0;
			knownRegions = (
				en,
				Base,
			);
			mainGroup = 2ADBF83327EBF18A00859336;
			productRefGroup = 2ADBF83D27EBF18A00859336 /* Products */;
			projectDirPath = "";
			projectRoot = "";
			targets = (
				2ADBF83B27EBF18A00859336 /* login_screen_refactory */,
			);
		};
/* End PBXProject section */

/* Begin PBXResourcesBuildPhase section */
		2ADBF83A27EBF18A00859336 /* Resources */ = {
			isa = PBXResourcesBuildPhase;
			buildActionMask = 2147483647;
			files = (
				2ADBF85D27EBF3E100859336 /* Main.storyboard in Resources */,
				2ADBF84F27EBF18C00859336 /* LaunchScreen.storyboard in Resources */,
				2ADBF84C27EBF18C00859336 /* Assets.xcassets in Resources */,
			);
			runOnlyForDeploymentPostprocessing = 0;
		};
/* End PBXResourcesBuildPhase section */

/* Begin PBXSourcesBuildPhase section */
		2ADBF83827EBF18A00859336 /* Sources */ = {
			isa = PBXSourcesBuildPhase;
			buildActionMask = 2147483647;
			files = (
				2ADBF84427EBF18A00859336 /* ViewController.swift in Sources */,
				2ADBF85F27EBF50F00859336 /* UIView+AddSubviews.swift in Sources */,
				2ADBF85B27EBF1E100859336 /* Colors.swift in Sources */,
				2ADBF84A27EBF18A00859336 /* login_screen_refactory.xcdatamodeld in Sources */,
				2ADBF85927EBF1BF00859336 /* Metrics.swift in Sources */,
				2ADBF84027EBF18A00859336 /* AppDelegate.swift in Sources */,
				2ADBF84227EBF18A00859336 /* SceneDelegate.swift in Sources */,
			);
			runOnlyForDeploymentPostprocessing = 0;
		};
/* End PBXSourcesBuildPhase section */

/* Begin PBXVariantGroup section */
		2ADBF84D27EBF18C00859336 /* LaunchScreen.storyboard */ = {
			isa = PBXVariantGroup;
			children = (
				2ADBF84E27EBF18C00859336 /* Base */,
			);
			name = LaunchScreen.storyboard;
			sourceTree = "<group>";
		};
/* End PBXVariantGroup section */

/* Begin XCBuildConfiguration section */
		2ADBF85127EBF18C00859336 /* Debug */ = {
			isa = XCBuildConfiguration;
			buildSettings = {
				ALWAYS_SEARCH_USER_PATHS = NO;
				CLANG_ANALYZER_NONNULL = YES;
				CLANG_ANALYZER_NUMBER_OBJECT_CONVERSION = YES_AGGRESSIVE;
				CLANG_CXX_LANGUAGE_STANDARD = "gnu++17";
				CLANG_CXX_LIBRARY = "libc++";
				CLANG_ENABLE_MODULES = YES;
				CLANG_ENABLE_OBJC_ARC = YES;
				CLANG_ENABLE_OBJC_WEAK = YES;
				CLANG_WARN_BLOCK_CAPTURE_AUTORELEASING = YES;
				CLANG_WARN_BOOL_CONVERSION = YES;
				CLANG_WARN_COMMA = YES;
				CLANG_WARN_CONSTANT_CONVERSION = YES;
				CLANG_WARN_DEPRECATED_OBJC_IMPLEMENTATIONS = YES;
				CLANG_WARN_DIRECT_OBJC_ISA_USAGE = YES_ERROR;
				CLANG_WARN_DOCUMENTATION_COMMENTS = YES;
				CLANG_WARN_EMPTY_BODY = YES;
				CLANG_WARN_ENUM_CONVERSION = YES;
				CLANG_WARN_INFINITE_RECURSION = YES;
				CLANG_WARN_INT_CONVERSION = YES;
				CLANG_WARN_NON_LITERAL_NULL_CONVERSION = YES;
				CLANG_WARN_OBJC_IMPLICIT_RETAIN_SELF = YES;
				CLANG_WARN_OBJC_LITERAL_CONVERSION = YES;
				CLANG_WARN_OBJC_ROOT_CLASS = YES_ERROR;
				CLANG_WARN_QUOTED_INCLUDE_IN_FRAMEWORK_HEADER = YES;
				CLANG_WARN_RANGE_LOOP_ANALYSIS = YES;
				CLANG_WARN_STRICT_PROTOTYPES = YES;
				CLANG_WARN_SUSPICIOUS_MOVE = YES;
				CLANG_WARN_UNGUARDED_AVAILABILITY = YES_AGGRESSIVE;
				CLANG_WARN_UNREACHABLE_CODE = YES;
				CLANG_WARN__DUPLICATE_METHOD_MATCH = YES;
				COPY_PHASE_STRIP = NO;
				DEBUG_INFORMATION_FORMAT = dwarf;
				ENABLE_STRICT_OBJC_MSGSEND = YES;
				ENABLE_TESTABILITY = YES;
				GCC_C_LANGUAGE_STANDARD = gnu11;
				GCC_DYNAMIC_NO_PIC = NO;
				GCC_NO_COMMON_BLOCKS = YES;
				GCC_OPTIMIZATION_LEVEL = 0;
				GCC_PREPROCESSOR_DEFINITIONS = (
					"DEBUG=1",
					"$(inherited)",
				);
				GCC_WARN_64_TO_32_BIT_CONVERSION = YES;
				GCC_WARN_ABOUT_RETURN_TYPE = YES_ERROR;
				GCC_WARN_UNDECLARED_SELECTOR = YES;
				GCC_WARN_UNINITIALIZED_AUTOS = YES_AGGRESSIVE;
				GCC_WARN_UNUSED_FUNCTION = YES;
				GCC_WARN_UNUSED_VARIABLE = YES;
				IPHONEOS_DEPLOYMENT_TARGET = 15.2;
				MTL_ENABLE_DEBUG_INFO = INCLUDE_SOURCE;
				MTL_FAST_MATH = YES;
				ONLY_ACTIVE_ARCH = YES;
				SDKROOT = iphoneos;
				SWIFT_ACTIVE_COMPILATION_CONDITIONS = DEBUG;
				SWIFT_OPTIMIZATION_LEVEL = "-Onone";
			};
			name = Debug;
		};
		2ADBF85227EBF18C00859336 /* Release */ = {
			isa = XCBuildConfiguration;
			buildSettings = {
				ALWAYS_SEARCH_USER_PATHS = NO;
				CLANG_ANALYZER_NONNULL = YES;
				CLANG_ANALYZER_NUMBER_OBJECT_CONVERSION = YES_AGGRESSIVE;
				CLANG_CXX_LANGUAGE_STANDARD = "gnu++17";
				CLANG_CXX_LIBRARY = "libc++";
				CLANG_ENABLE_MODULES = YES;
				CLANG_ENABLE_OBJC_ARC = YES;
				CLANG_ENABLE_OBJC_WEAK = YES;
				CLANG_WARN_BLOCK_CAPTURE_AUTORELEASING = YES;
				CLANG_WARN_BOOL_CONVERSION = YES;
				CLANG_WARN_COMMA = YES;
				CLANG_WARN_CONSTANT_CONVERSION = YES;
				CLANG_WARN_DEPRECATED_OBJC_IMPLEMENTATIONS = YES;
				CLANG_WARN_DIRECT_OBJC_ISA_USAGE = YES_ERROR;
				CLANG_WARN_DOCUMENTATION_COMMENTS = YES;
				CLANG_WARN_EMPTY_BODY = YES;
				CLANG_WARN_ENUM_CONVERSION = YES;
				CLANG_WARN_INFINITE_RECURSION = YES;
				CLANG_WARN_INT_CONVERSION = YES;
				CLANG_WARN_NON_LITERAL_NULL_CONVERSION = YES;
				CLANG_WARN_OBJC_IMPLICIT_RETAIN_SELF = YES;
				CLANG_WARN_OBJC_LITERAL_CONVERSION = YES;
				CLANG_WARN_OBJC_ROOT_CLASS = YES_ERROR;
				CLANG_WARN_QUOTED_INCLUDE_IN_FRAMEWORK_HEADER = YES;
				CLANG_WARN_RANGE_LOOP_ANALYSIS = YES;
				CLANG_WARN_STRICT_PROTOTYPES = YES;
				CLANG_WARN_SUSPICIOUS_MOVE = YES;
				CLANG_WARN_UNGUARDED_AVAILABILITY = YES_AGGRESSIVE;
				CLANG_WARN_UNREACHABLE_CODE = YES;
				CLANG_WARN__DUPLICATE_METHOD_MATCH = YES;
				COPY_PHASE_STRIP = NO;
				DEBUG_INFORMATION_FORMAT = "dwarf-with-dsym";
				ENABLE_NS_ASSERTIONS = NO;
				ENABLE_STRICT_OBJC_MSGSEND = YES;
				GCC_C_LANGUAGE_STANDARD = gnu11;
				GCC_NO_COMMON_BLOCKS = YES;
				GCC_WARN_64_TO_32_BIT_CONVERSION = YES;
				GCC_WARN_ABOUT_RETURN_TYPE = YES_ERROR;
				GCC_WARN_UNDECLARED_SELECTOR = YES;
				GCC_WARN_UNINITIALIZED_AUTOS = YES_AGGRESSIVE;
				GCC_WARN_UNUSED_FUNCTION = YES;
				GCC_WARN_UNUSED_VARIABLE = YES;
				IPHONEOS_DEPLOYMENT_TARGET = 15.2;
				MTL_ENABLE_DEBUG_INFO = NO;
				MTL_FAST_MATH = YES;
				SDKROOT = iphoneos;
				SWIFT_COMPILATION_MODE = wholemodule;
				SWIFT_OPTIMIZATION_LEVEL = "-O";
				VALIDATE_PRODUCT = YES;
			};
			name = Release;
		};
		2ADBF85427EBF18C00859336 /* Debug */ = {
			isa = XCBuildConfiguration;
			buildSettings = {
				ASSETCATALOG_COMPILER_APPICON_NAME = AppIcon;
				ASSETCATALOG_COMPILER_GLOBAL_ACCENT_COLOR_NAME = AccentColor;
				CODE_SIGN_STYLE = Automatic;
				CURRENT_PROJECT_VERSION = 1;
				DEVELOPMENT_TEAM = JD3672J6VN;
				GENERATE_INFOPLIST_FILE = YES;
				INFOPLIST_FILE = login_screen_refactory/Info.plist;
				INFOPLIST_KEY_UIApplicationSupportsIndirectInputEvents = YES;
				INFOPLIST_KEY_UILaunchStoryboardName = LaunchScreen;
				INFOPLIST_KEY_UIMainStoryboardFile = Main;
				INFOPLIST_KEY_UISupportedInterfaceOrientations_iPad = "UIInterfaceOrientationPortrait UIInterfaceOrientationPortraitUpsideDown UIInterfaceOrientationLandscapeLeft UIInterfaceOrientationLandscapeRight";
				INFOPLIST_KEY_UISupportedInterfaceOrientations_iPhone = "UIInterfaceOrientationPortrait UIInterfaceOrientationLandscapeLeft UIInterfaceOrientationLandscapeRight";
				LD_RUNPATH_SEARCH_PATHS = (
					"$(inherited)",
					"@executable_path/Frameworks",
				);
				MARKETING_VERSION = 1.0;
				PRODUCT_BUNDLE_IDENTIFIER = "com.miller.login-screen-refactory";
				PRODUCT_NAME = "$(TARGET_NAME)";
				SWIFT_EMIT_LOC_STRINGS = YES;
				SWIFT_VERSION = 5.0;
				TARGETED_DEVICE_FAMILY = "1,2";
			};
			name = Debug;
		};
		2ADBF85527EBF18C00859336 /* Release */ = {
			isa = XCBuildConfiguration;
			buildSettings = {
				ASSETCATALOG_COMPILER_APPICON_NAME = AppIcon;
				ASSETCATALOG_COMPILER_GLOBAL_ACCENT_COLOR_NAME = AccentColor;
				CODE_SIGN_STYLE = Automatic;
				CURRENT_PROJECT_VERSION = 1;
				DEVELOPMENT_TEAM = JD3672J6VN;
				GENERATE_INFOPLIST_FILE = YES;
				INFOPLIST_FILE = login_screen_refactory/Info.plist;
				INFOPLIST_KEY_UIApplicationSupportsIndirectInputEvents = YES;
				INFOPLIST_KEY_UILaunchStoryboardName = LaunchScreen;
				INFOPLIST_KEY_UIMainStoryboardFile = Main;
				INFOPLIST_KEY_UISupportedInterfaceOrientations_iPad = "UIInterfaceOrientationPortrait UIInterfaceOrientationPortraitUpsideDown UIInterfaceOrientationLandscapeLeft UIInterfaceOrientationLandscapeRight";
				INFOPLIST_KEY_UISupportedInterfaceOrientations_iPhone = "UIInterfaceOrientationPortrait UIInterfaceOrientationLandscapeLeft UIInterfaceOrientationLandscapeRight";
				LD_RUNPATH_SEARCH_PATHS = (
					"$(inherited)",
					"@executable_path/Frameworks",
				);
				MARKETING_VERSION = 1.0;
				PRODUCT_BUNDLE_IDENTIFIER = "com.miller.login-screen-refactory";
				PRODUCT_NAME = "$(TARGET_NAME)";
				SWIFT_EMIT_LOC_STRINGS = YES;
				SWIFT_VERSION = 5.0;
				TARGETED_DEVICE_FAMILY = "1,2";
			};
			name = Release;
		};
/* End XCBuildConfiguration section */

/* Begin XCConfigurationList section */
		2ADBF83727EBF18A00859336 /* Build configuration list for PBXProject "login_screen_refactory" */ = {
			isa = XCConfigurationList;
			buildConfigurations = (
				2ADBF85127EBF18C00859336 /* Debug */,
				2ADBF85227EBF18C00859336 /* Release */,
			);
			defaultConfigurationIsVisible = 0;
			defaultConfigurationName = Release;
		};
		2ADBF85327EBF18C00859336 /* Build configuration list for PBXNativeTarget "login_screen_refactory" */ = {
			isa = XCConfigurationList;
			buildConfigurations = (
				2ADBF85427EBF18C00859336 /* Debug */,
				2ADBF85527EBF18C00859336 /* Release */,
			);
			defaultConfigurationIsVisible = 0;
			defaultConfigurationName = Release;
		};
/* End XCConfigurationList section */

/* Begin XCVersionGroup section */
		2ADBF84827EBF18A00859336 /* login_screen_refactory.xcdatamodeld */ = {
			isa = XCVersionGroup;
			children = (
				2ADBF84927EBF18A00859336 /* login_screen_refactory.xcdatamodel */,
			);
			currentVersion = 2ADBF84927EBF18A00859336 /* login_screen_refactory.xcdatamodel */;
			path = login_screen_refactory.xcdatamodeld;
			sourceTree = "<group>";
			versionGroupType = wrapper.xcdatamodel;
		};
/* End XCVersionGroup section */
	};
	rootObject = 2ADBF83427EBF18A00859336 /* Project object */;
}
